// !$*UTF8*$!
{
	archiveVersion = 1;
	classes = {
	};
	objectVersion = 46;
	objects = {

/* Begin PBXBuildFile section */
		0B084D3118D13B1F00F52D50 /* Foundation.framework in Frameworks */ = {isa = PBXBuildFile; fileRef = 0B084D3018D13B1F00F52D50 /* Foundation.framework */; };
		0B084D3318D13B1F00F52D50 /* CoreGraphics.framework in Frameworks */ = {isa = PBXBuildFile; fileRef = 0B084D3218D13B1F00F52D50 /* CoreGraphics.framework */; };
		0B084D3518D13B1F00F52D50 /* UIKit.framework in Frameworks */ = {isa = PBXBuildFile; fileRef = 0B084D3418D13B1F00F52D50 /* UIKit.framework */; };
		0B084D3B18D13B1F00F52D50 /* InfoPlist.strings in Resources */ = {isa = PBXBuildFile; fileRef = 0B084D3918D13B1F00F52D50 /* InfoPlist.strings */; };
		0B084D3D18D13B1F00F52D50 /* main.m in Sources */ = {isa = PBXBuildFile; fileRef = 0B084D3C18D13B1F00F52D50 /* main.m */; };
		0B084D4118D13B1F00F52D50 /* AppDelegate.m in Sources */ = {isa = PBXBuildFile; fileRef = 0B084D4018D13B1F00F52D50 /* AppDelegate.m */; };
		0B084D4418D13B2000F52D50 /* Main.storyboard in Resources */ = {isa = PBXBuildFile; fileRef = 0B084D4218D13B2000F52D50 /* Main.storyboard */; };
		0B084D4718D13B2000F52D50 /* ViewController.m in Sources */ = {isa = PBXBuildFile; fileRef = 0B084D4618D13B2000F52D50 /* ViewController.m */; };
		0B084D4918D13B2000F52D50 /* Images.xcassets in Resources */ = {isa = PBXBuildFile; fileRef = 0B084D4818D13B2000F52D50 /* Images.xcassets */; };
		0B084D5018D13B2000F52D50 /* XCTest.framework in Frameworks */ = {isa = PBXBuildFile; fileRef = 0B084D4F18D13B2000F52D50 /* XCTest.framework */; };
		0B084D5118D13B2000F52D50 /* Foundation.framework in Frameworks */ = {isa = PBXBuildFile; fileRef = 0B084D3018D13B1F00F52D50 /* Foundation.framework */; };
		0B084D5218D13B2000F52D50 /* UIKit.framework in Frameworks */ = {isa = PBXBuildFile; fileRef = 0B084D3418D13B1F00F52D50 /* UIKit.framework */; };
		0B084D5A18D13B2000F52D50 /* InfoPlist.strings in Resources */ = {isa = PBXBuildFile; fileRef = 0B084D5818D13B2000F52D50 /* InfoPlist.strings */; };
		0B084D5C18D13B2000F52D50 /* thessslidddeTests.m in Sources */ = {isa = PBXBuildFile; fileRef = 0B084D5B18D13B2000F52D50 /* thessslidddeTests.m */; };
/* End PBXBuildFile section */

/* Begin PBXContainerItemProxy section */
		0B084D5318D13B2000F52D50 /* PBXContainerItemProxy */ = {
			isa = PBXContainerItemProxy;
			containerPortal = 0B084D2518D13B1F00F52D50 /* Project object */;
			proxyType = 1;
			remoteGlobalIDString = 0B084D2C18D13B1F00F52D50;
			remoteInfo = thesssliddde;
		};
/* End PBXContainerItemProxy section */

/* Begin PBXFileReference section */
		0B084D2D18D13B1F00F52D50 /* thesssliddde.app */ = {isa = PBXFileReference; explicitFileType = wrapper.application; includeInIndex = 0; path = thesssliddde.app; sourceTree = BUILT_PRODUCTS_DIR; };
		0B084D3018D13B1F00F52D50 /* Foundation.framework */ = {isa = PBXFileReference; lastKnownFileType = wrapper.framework; name = Foundation.framework; path = System/Library/Frameworks/Foundation.framework; sourceTree = SDKROOT; };
		0B084D3218D13B1F00F52D50 /* CoreGraphics.framework */ = {isa = PBXFileReference; lastKnownFileType = wrapper.framework; name = CoreGraphics.framework; path = System/Library/Frameworks/CoreGraphics.framework; sourceTree = SDKROOT; };
		0B084D3418D13B1F00F52D50 /* UIKit.framework */ = {isa = PBXFileReference; lastKnownFileType = wrapper.framework; name = UIKit.framework; path = System/Library/Frameworks/UIKit.framework; sourceTree = SDKROOT; };
		0B084D3818D13B1F00F52D50 /* thesssliddde-Info.plist */ = {isa = PBXFileReference; lastKnownFileType = text.plist.xml; path = "thesssliddde-Info.plist"; sourceTree = "<group>"; };
		0B084D3A18D13B1F00F52D50 /* en */ = {isa = PBXFileReference; lastKnownFileType = text.plist.strings; name = en; path = en.lproj/InfoPlist.strings; sourceTree = "<group>"; };
		0B084D3C18D13B1F00F52D50 /* main.m */ = {isa = PBXFileReference; lastKnownFileType = sourcecode.c.objc; path = main.m; sourceTree = "<group>"; };
		0B084D3E18D13B1F00F52D50 /* thesssliddde-Prefix.pch */ = {isa = PBXFileReference; lastKnownFileType = sourcecode.c.h; path = "thesssliddde-Prefix.pch"; sourceTree = "<group>"; };
		0B084D3F18D13B1F00F52D50 /* AppDelegate.h */ = {isa = PBXFileReference; lastKnownFileType = sourcecode.c.h; path = AppDelegate.h; sourceTree = "<group>"; };
		0B084D4018D13B1F00F52D50 /* AppDelegate.m */ = {isa = PBXFileReference; lastKnownFileType = sourcecode.c.objc; path = AppDelegate.m; sourceTree = "<group>"; };
		0B084D4318D13B2000F52D50 /* Base */ = {isa = PBXFileReference; lastKnownFileType = file.storyboard; name = Base; path = Base.lproj/Main.storyboard; sourceTree = "<group>"; };
		0B084D4518D13B2000F52D50 /* ViewController.h */ = {isa = PBXFileReference; lastKnownFileType = sourcecode.c.h; path = ViewController.h; sourceTree = "<group>"; };
		0B084D4618D13B2000F52D50 /* ViewController.m */ = {isa = PBXFileReference; lastKnownFileType = sourcecode.c.objc; path = ViewController.m; sourceTree = "<group>"; };
		0B084D4818D13B2000F52D50 /* Images.xcassets */ = {isa = PBXFileReference; lastKnownFileType = folder.assetcatalog; path = Images.xcassets; sourceTree = "<group>"; };
		0B084D4E18D13B2000F52D50 /* thessslidddeTests.xctest */ = {isa = PBXFileReference; explicitFileType = wrapper.cfbundle; includeInIndex = 0; path = thessslidddeTests.xctest; sourceTree = BUILT_PRODUCTS_DIR; };
		0B084D4F18D13B2000F52D50 /* XCTest.framework */ = {isa = PBXFileReference; lastKnownFileType = wrapper.framework; name = XCTest.framework; path = Library/Frameworks/XCTest.framework; sourceTree = DEVELOPER_DIR; };
		0B084D5718D13B2000F52D50 /* thessslidddeTests-Info.plist */ = {isa = PBXFileReference; lastKnownFileType = text.plist.xml; path = "thessslidddeTests-Info.plist"; sourceTree = "<group>"; };
		0B084D5918D13B2000F52D50 /* en */ = {isa = PBXFileReference; lastKnownFileType = text.plist.strings; name = en; path = en.lproj/InfoPlist.strings; sourceTree = "<group>"; };
		0B084D5B18D13B2000F52D50 /* thessslidddeTests.m */ = {isa = PBXFileReference; lastKnownFileType = sourcecode.c.objc; path = thessslidddeTests.m; sourceTree = "<group>"; };
/* End PBXFileReference section */

/* Begin PBXFrameworksBuildPhase section */
		0B084D2A18D13B1F00F52D50 /* Frameworks */ = {
			isa = PBXFrameworksBuildPhase;
			buildActionMask = 2147483647;
			files = (
				0B084D3318D13B1F00F52D50 /* CoreGraphics.framework in Frameworks */,
				0B084D3518D13B1F00F52D50 /* UIKit.framework in Frameworks */,
				0B084D3118D13B1F00F52D50 /* Foundation.framework in Frameworks */,
			);
			runOnlyForDeploymentPostprocessing = 0;
		};
		0B084D4B18D13B2000F52D50 /* Frameworks */ = {
			isa = PBXFrameworksBuildPhase;
			buildActionMask = 2147483647;
			files = (
				0B084D5018D13B2000F52D50 /* XCTest.framework in Frameworks */,
				0B084D5218D13B2000F52D50 /* UIKit.framework in Frameworks */,
				0B084D5118D13B2000F52D50 /* Foundation.framework in Frameworks */,
			);
			runOnlyForDeploymentPostprocessing = 0;
		};
/* End PBXFrameworksBuildPhase section */

/* Begin PBXGroup section */
		0B084D2418D13B1F00F52D50 = {
			isa = PBXGroup;
			children = (
				0B084D3618D13B1F00F52D50 /* thesssliddde */,
				0B084D5518D13B2000F52D50 /* thessslidddeTests */,
				0B084D2F18D13B1F00F52D50 /* Frameworks */,
				0B084D2E18D13B1F00F52D50 /* Products */,
			);
			sourceTree = "<group>";
		};
		0B084D2E18D13B1F00F52D50 /* Products */ = {
			isa = PBXGroup;
			children = (
				0B084D2D18D13B1F00F52D50 /* thesssliddde.app */,
				0B084D4E18D13B2000F52D50 /* thessslidddeTests.xctest */,
			);
			name = Products;
			sourceTree = "<group>";
		};
		0B084D2F18D13B1F00F52D50 /* Frameworks */ = {
			isa = PBXGroup;
			children = (
				0B084D3018D13B1F00F52D50 /* Foundation.framework */,
				0B084D3218D13B1F00F52D50 /* CoreGraphics.framework */,
				0B084D3418D13B1F00F52D50 /* UIKit.framework */,
				0B084D4F18D13B2000F52D50 /* XCTest.framework */,
			);
			name = Frameworks;
			sourceTree = "<group>";
		};
		0B084D3618D13B1F00F52D50 /* thesssliddde */ = {
			isa = PBXGroup;
			children = (
				0B084D3F18D13B1F00F52D50 /* AppDelegate.h */,
				0B084D4018D13B1F00F52D50 /* AppDelegate.m */,
				0B084D4218D13B2000F52D50 /* Main.storyboard */,
				0B084D4518D13B2000F52D50 /* ViewController.h */,
				0B084D4618D13B2000F52D50 /* ViewController.m */,
				0B084D4818D13B2000F52D50 /* Images.xcassets */,
				0B084D3718D13B1F00F52D50 /* Supporting Files */,
			);
			path = thesssliddde;
			sourceTree = "<group>";
		};
		0B084D3718D13B1F00F52D50 /* Supporting Files */ = {
			isa = PBXGroup;
			children = (
				0B084D3818D13B1F00F52D50 /* thesssliddde-Info.plist */,
				0B084D3918D13B1F00F52D50 /* InfoPlist.strings */,
				0B084D3C18D13B1F00F52D50 /* main.m */,
				0B084D3E18D13B1F00F52D50 /* thesssliddde-Prefix.pch */,
			);
			name = "Supporting Files";
			sourceTree = "<group>";
		};
		0B084D5518D13B2000F52D50 /* thessslidddeTests */ = {
			isa = PBXGroup;
			children = (
				0B084D5B18D13B2000F52D50 /* thessslidddeTests.m */,
				0B084D5618D13B2000F52D50 /* Supporting Files */,
			);
			path = thessslidddeTests;
			sourceTree = "<group>";
		};
		0B084D5618D13B2000F52D50 /* Supporting Files */ = {
			isa = PBXGroup;
			children = (
				0B084D5718D13B2000F52D50 /* thessslidddeTests-Info.plist */,
				0B084D5818D13B2000F52D50 /* InfoPlist.strings */,
			);
			name = "Supporting Files";
			sourceTree = "<group>";
		};
/* End PBXGroup section */

/* Begin PBXNativeTarget section */
		0B084D2C18D13B1F00F52D50 /* thesssliddde */ = {
			isa = PBXNativeTarget;
			buildConfigurationList = 0B084D5F18D13B2000F52D50 /* Build configuration list for PBXNativeTarget "thesssliddde" */;
			buildPhases = (
				0B084D2918D13B1F00F52D50 /* Sources */,
				0B084D2A18D13B1F00F52D50 /* Frameworks */,
				0B084D2B18D13B1F00F52D50 /* Resources */,
			);
			buildRules = (
			);
			dependencies = (
			);
			name = thesssliddde;
			productName = thesssliddde;
			productReference = 0B084D2D18D13B1F00F52D50 /* thesssliddde.app */;
			productType = "com.apple.product-type.application";
		};
		0B084D4D18D13B2000F52D50 /* thessslidddeTests */ = {
			isa = PBXNativeTarget;
			buildConfigurationList = 0B084D6218D13B2000F52D50 /* Build configuration list for PBXNativeTarget "thessslidddeTests" */;
			buildPhases = (
				0B084D4A18D13B2000F52D50 /* Sources */,
				0B084D4B18D13B2000F52D50 /* Frameworks */,
				0B084D4C18D13B2000F52D50 /* Resources */,
			);
			buildRules = (
			);
			dependencies = (
				0B084D5418D13B2000F52D50 /* PBXTargetDependency */,
			);
			name = thessslidddeTests;
			productName = thessslidddeTests;
			productReference = 0B084D4E18D13B2000F52D50 /* thessslidddeTests.xctest */;
			productType = "com.apple.product-type.bundle.unit-test";
		};
/* End PBXNativeTarget section */

/* Begin PBXProject section */
		0B084D2518D13B1F00F52D50 /* Project object */ = {
			isa = PBXProject;
			attributes = {
				LastUpgradeCheck = 0500;
				ORGANIZATIONNAME = "max myers";
				TargetAttributes = {
					0B084D4D18D13B2000F52D50 = {
						TestTargetID = 0B084D2C18D13B1F00F52D50;
					};
				};
			};
			buildConfigurationList = 0B084D2818D13B1F00F52D50 /* Build configuration list for PBXProject "thesssliddde" */;
			compatibilityVersion = "Xcode 3.2";
			developmentRegion = English;
			hasScannedForEncodings = 0;
			knownRegions = (
				en,
				Base,
			);
			mainGroup = 0B084D2418D13B1F00F52D50;
			productRefGroup = 0B084D2E18D13B1F00F52D50 /* Products */;
			projectDirPath = "";
			projectRoot = "";
			targets = (
				0B084D2C18D13B1F00F52D50 /* thesssliddde */,
				0B084D4D18D13B2000F52D50 /* thessslidddeTests */,
			);
		};
/* End PBXProject section */

/* Begin PBXResourcesBuildPhase section */
		0B084D2B18D13B1F00F52D50 /* Resources */ = {
			isa = PBXResourcesBuildPhase;
			buildActionMask = 2147483647;
			files = (
				0B084D4918D13B2000F52D50 /* Images.xcassets in Resources */,
				0B084D3B18D13B1F00F52D50 /* InfoPlist.strings in Resources */,
				0B084D4418D13B2000F52D50 /* Main.storyboard in Resources */,
			);
			runOnlyForDeploymentPostprocessing = 0;
		};
		0B084D4C18D13B2000F52D50 /* Resources */ = {
			isa = PBXResourcesBuildPhase;
			buildActionMask = 2147483647;
			files = (
				0B084D5A18D13B2000F52D50 /* InfoPlist.strings in Resources */,
			);
			runOnlyForDeploymentPostprocessing = 0;
		};
/* End PBXResourcesBuildPhase section */

/* Begin PBXSourcesBuildPhase section */
		0B084D2918D13B1F00F52D50 /* Sources */ = {
			isa = PBXSourcesBuildPhase;
			buildActionMask = 2147483647;
			files = (
				0B084D4718D13B2000F52D50 /* ViewController.m in Sources */,
				0B084D4118D13B1F00F52D50 /* AppDelegate.m in Sources */,
				0B084D3D18D13B1F00F52D50 /* main.m in Sources */,
			);
			runOnlyForDeploymentPostprocessing = 0;
		};
		0B084D4A18D13B2000F52D50 /* Sources */ = {
			isa = PBXSourcesBuildPhase;
			buildActionMask = 2147483647;
			files = (
				0B084D5C18D13B2000F52D50 /* thessslidddeTests.m in Sources */,
			);
			runOnlyForDeploymentPostprocessing = 0;
		};
/* End PBXSourcesBuildPhase section */

/* Begin PBXTargetDependency section */
		0B084D5418D13B2000F52D50 /* PBXTargetDependency */ = {
			isa = PBXTargetDependency;
			target = 0B084D2C18D13B1F00F52D50 /* thesssliddde */;
			targetProxy = 0B084D5318D13B2000F52D50 /* PBXContainerItemProxy */;
		};
/* End PBXTargetDependency section */

/* Begin PBXVariantGroup section */
		0B084D3918D13B1F00F52D50 /* InfoPlist.strings */ = {
			isa = PBXVariantGroup;
			children = (
				0B084D3A18D13B1F00F52D50 /* en */,
			);
			name = InfoPlist.strings;
			sourceTree = "<group>";
		};
		0B084D4218D13B2000F52D50 /* Main.storyboard */ = {
			isa = PBXVariantGroup;
			children = (
				0B084D4318D13B2000F52D50 /* Base */,
			);
			name = Main.storyboard;
			sourceTree = "<group>";
		};
		0B084D5818D13B2000F52D50 /* InfoPlist.strings */ = {
			isa = PBXVariantGroup;
			children = (
				0B084D5918D13B2000F52D50 /* en */,
			);
			name = InfoPlist.strings;
			sourceTree = "<group>";
		};
/* End PBXVariantGroup section */

/* Begin XCBuildConfiguration section */
		0B084D5D18D13B2000F52D50 /* Debug */ = {
			isa = XCBuildConfiguration;
			buildSettings = {
				ALWAYS_SEARCH_USER_PATHS = NO;
				ARCHS = "$(ARCHS_STANDARD_INCLUDING_64_BIT)";
				CLANG_CXX_LANGUAGE_STANDARD = "gnu++0x";
				CLANG_CXX_LIBRARY = "libc++";
				CLANG_ENABLE_MODULES = YES;
				CLANG_ENABLE_OBJC_ARC = YES;
				CLANG_WARN_BOOL_CONVERSION = YES;
				CLANG_WARN_CONSTANT_CONVERSION = YES;
				CLANG_WARN_DIRECT_OBJC_ISA_USAGE = YES_ERROR;
				CLANG_WARN_EMPTY_BODY = YES;
				CLANG_WARN_ENUM_CONVERSION = YES;
				CLANG_WARN_INT_CONVERSION = YES;
				CLANG_WARN_OBJC_ROOT_CLASS = YES_ERROR;
				CLANG_WARN__DUPLICATE_METHOD_MATCH = YES;
				"CODE_SIGN_IDENTITY[sdk=iphoneos*]" = "iPhone Developer";
				COPY_PHASE_STRIP = NO;
				GCC_C_LANGUAGE_STANDARD = gnu99;
				GCC_DYNAMIC_NO_PIC = NO;
				GCC_OPTIMIZATION_LEVEL = 0;
				GCC_PREPROCESSOR_DEFINITIONS = (
					"DEBUG=1",
					"$(inherited)",
				);
				GCC_SYMBOLS_PRIVATE_EXTERN = NO;
				GCC_WARN_64_TO_32_BIT_CONVERSION = YES;
				GCC_WARN_ABOUT_RETURN_TYPE = YES_ERROR;
				GCC_WARN_UNDECLARED_SELECTOR = YES;
				GCC_WARN_UNINITIALIZED_AUTOS = YES;
				GCC_WARN_UNUSED_FUNCTION = YES;
				GCC_WARN_UNUSED_VARIABLE = YES;
				IPHONEOS_DEPLOYMENT_TARGET = 7.0;
				ONLY_ACTIVE_ARCH = YES;
				SDKROOT = iphoneos;
			};
			name = Debug;
		};
		0B084D5E18D13B2000F52D50 /* Release */ = {
			isa = XCBuildConfiguration;
			buildSettings = {
				ALWAYS_SEARCH_USER_PATHS = NO;
				ARCHS = "$(ARCHS_STANDARD_INCLUDING_64_BIT)";
				CLANG_CXX_LANGUAGE_STANDARD = "gnu++0x";
				CLANG_CXX_LIBRARY = "libc++";
				CLANG_ENABLE_MODULES = YES;
				CLANG_ENABLE_OBJC_ARC = YES;
				CLANG_WARN_BOOL_CONVERSION = YES;
				CLANG_WARN_CONSTANT_CONVERSION = YES;
				CLANG_WARN_DIRECT_OBJC_ISA_USAGE = YES_ERROR;
				CLANG_WARN_EMPTY_BODY = YES;
				CLANG_WARN_ENUM_CONVERSION = YES;
				CLANG_WARN_INT_CONVERSION = YES;
				CLANG_WARN_OBJC_ROOT_CLASS = YES_ERROR;
				CLANG_WARN__DUPLICATE_METHOD_MATCH = YES;
				"CODE_SIGN_IDENTITY[sdk=iphoneos*]" = "iPhone Developer";
				COPY_PHASE_STRIP = YES;
				ENABLE_NS_ASSERTIONS = NO;
				GCC_C_LANGUAGE_STANDARD = gnu99;
				GCC_WARN_64_TO_32_BIT_CONVERSION = YES;
				GCC_WARN_ABOUT_RETURN_TYPE = YES_ERROR;
				GCC_WARN_UNDECLARED_SELECTOR = YES;
				GCC_WARN_UNINITIALIZED_AUTOS = YES;
				GCC_WARN_UNUSED_FUNCTION = YES;
				GCC_WARN_UNUSED_VARIABLE = YES;
				IPHONEOS_DEPLOYMENT_TARGET = 7.0;
				SDKROOT = iphoneos;
				VALIDATE_PRODUCT = YES;
			};
			name = Release;
		};
		0B084D6018D13B2000F52D50 /* Debug */ = {
			isa = XCBuildConfiguration;
			buildSettings = {
				ASSETCATALOG_COMPILER_APPICON_NAME = AppIcon;
				ASSETCATALOG_COMPILER_LAUNCHIMAGE_NAME = LaunchImage;
				GCC_PRECOMPILE_PREFIX_HEADER = YES;
				GCC_PREFIX_HEADER = "thesssliddde/thesssliddde-Prefix.pch";
				INFOPLIST_FILE = "thesssliddde/thesssliddde-Info.plist";
				PRODUCT_NAME = "$(TARGET_NAME)";
				WRAPPER_EXTENSION = app;
			};
			name = Debug;
		};
		0B084D6118D13B2000F52D50 /* Release */ = {
			isa = XCBuildConfiguration;
			buildSettings = {
				ASSETCATALOG_COMPILER_APPICON_NAME = AppIcon;
				ASSETCATALOG_COMPILER_LAUNCHIMAGE_NAME = LaunchImage;
				GCC_PRECOMPILE_PREFIX_HEADER = YES;
				GCC_PREFIX_HEADER = "thesssliddde/thesssliddde-Prefix.pch";
				INFOPLIST_FILE = "thesssliddde/thesssliddde-Info.plist";
				PRODUCT_NAME = "$(TARGET_NAME)";
				WRAPPER_EXTENSION = app;
			};
			name = Release;
		};
		0B084D6318D13B2000F52D50 /* Debug */ = {
			isa = XCBuildConfiguration;
			buildSettings = {
				ARCHS = "$(ARCHS_STANDARD_INCLUDING_64_BIT)";
				BUNDLE_LOADER = "$(BUILT_PRODUCTS_DIR)/thesssliddde.app/thesssliddde";
				FRAMEWORK_SEARCH_PATHS = (
					"$(SDKROOT)/Developer/Library/Frameworks",
					"$(inherited)",
					"$(DEVELOPER_FRAMEWORKS_DIR)",
				);
				GCC_PRECOMPILE_PREFIX_HEADER = YES;
				GCC_PREFIX_HEADER = "thesssliddde/thesssliddde-Prefix.pch";
				GCC_PREPROCESSOR_DEFINITIONS = (
					"DEBUG=1",
					"$(inherited)",
				);
				INFOPLIST_FILE = "thessslidddeTests/thessslidddeTests-Info.plist";
				PRODUCT_NAME = "$(TARGET_NAME)";
				TEST_HOST = "$(BUNDLE_LOADER)";
				WRAPPER_EXTENSION = xctest;
			};
			name = Debug;
		};
		0B084D6418D13B2000F52D50 /* Release */ = {
			isa = XCBuildConfiguration;
			buildSettings = {
				ARCHS = "$(ARCHS_STANDARD_INCLUDING_64_BIT)";
				BUNDLE_LOADER = "$(BUILT_PRODUCTS_DIR)/thesssliddde.app/thesssliddde";
				FRAMEWORK_SEARCH_PATHS = (
					"$(SDKROOT)/Developer/Library/Frameworks",
					"$(inherited)",
					"$(DEVELOPER_FRAMEWORKS_DIR)",
				);
				GCC_PRECOMPILE_PREFIX_HEADER = YES;
				GCC_PREFIX_HEADER = "thesssliddde/thesssliddde-Prefix.pch";
				INFOPLIST_FILE = "thessslidddeTests/thessslidddeTests-Info.plist";
				PRODUCT_NAME = "$(TARGET_NAME)";
				TEST_HOST = "$(BUNDLE_LOADER)";
				WRAPPER_EXTENSION = xctest;
			};
			name = Release;
		};
/* End XCBuildConfiguration section */

/* Begin XCConfigurationList section */
		0B084D2818D13B1F00F52D50 /* Build configuration list for PBXProject "thesssliddde" */ = {
			isa = XCConfigurationList;
			buildConfigurations = (
				0B084D5D18D13B2000F52D50 /* Debug */,
				0B084D5E18D13B2000F52D50 /* Release */,
			);
			defaultConfigurationIsVisible = 0;
			defaultConfigurationName = Release;
		};
		0B084D5F18D13B2000F52D50 /* Build configuration list for PBXNativeTarget "thesssliddde" */ = {
			isa = XCConfigurationList;
			buildConfigurations = (
				0B084D6018D13B2000F52D50 /* Debug */,
				0B084D6118D13B2000F52D50 /* Release */,
			);
			defaultConfigurationIsVisible = 0;
		};
		0B084D6218D13B2000F52D50 /* Build configuration list for PBXNativeTarget "thessslidddeTests" */ = {
			isa = XCConfigurationList;
			buildConfigurations = (
				0B084D6318D13B2000F52D50 /* Debug */,
				0B084D6418D13B2000F52D50 /* Release */,
			);
			defaultConfigurationIsVisible = 0;
		};
/* End XCConfigurationList section */
	};
	rootObject = 0B084D2518D13B1F00F52D50 /* Project object */;
}
